
Microsoft Visual Studio Solution File, Format Version 12.00
# Visual Studio Version 17
VisualStudioVersion = 17.1.32407.343
MinimumVisualStudioVersion = 10.0.40219.1
Project("{FAE04EC0-301F-11D3-BF4B-00C04F79EFBC}") = "ConsoleApp2", "ConsoleApp2.csproj", "{BE729588-1D30-4545-84BF-87B41423004D}"
EndProject
Global
	GlobalSection(SolutionConfigurationPlatforms) = preSolution
		Debug|Any CPU = Debug|Any CPU
		Release|Any CPU = Release|Any CPU
	EndGlobalSection
	GlobalSection(ProjectConfigurationPlatforms) = postSolution
		{BE729588-1D30-4545-84BF-87B41423004D}.Debug|Any CPU.ActiveCfg = Debug|Any CPU
		{BE729588-1D30-4545-84BF-87B41423004D}.Debug|Any CPU.Build.0 = Debug|Any CPU
		{BE729588-1D30-4545-84BF-87B41423004D}.Release|Any CPU.ActiveCfg = Release|Any CPU
		{BE729588-1D30-4545-84BF-87B41423004D}.Release|Any CPU.Build.0 = Release|Any CPU
	EndGlobalSection
	GlobalSection(SolutionProperties) = preSolution
		HideSolutionNode = FALSE
	EndGlobalSection
	GlobalSection(ExtensibilityGlobals) = postSolution
		SolutionGuid = {19C65580-FC1D-45D8-81EC-2BABE9AD6848}
	EndGlobalSection
EndGlobal
